{
  "originHash" : "8abdc9edeff16e0216d0ff4bc470f893b73680b514762728a7969faa3bf62235",
  "pins" : [
    {
      "identity" : "beautiful-mermaid-swift",
      "kind" : "remoteSourceControl",
      "location" : "https://github.com/lukilabs/beautiful-mermaid-swift",
      "state" : {
        "revision" : "c6a63655285c5e479d6641c774acb0a8739f8ad7",
        "version" : "0.1.1"
      }
    },
    {
      "identity" : "dagre-swift",
      "kind" : "remoteSourceControl",
      "location" : "https://github.com/lukilabs/dagre-swift",
      "state" : {
        "revision" : "92efb78b73a8b665ee74bacfb0f1f5b17bbe1b38",
        "version" : "0.1.0"
      }
    },
    {
      "identity" : "swiftformat",
      "kind" : "remoteSourceControl",
      "location" : "https://github.com/nicklockwood/SwiftFormat",
      "state" : {
        "revision" : "c8e50ff2cfc2eab46246c072a9ae25ab656c6ec3",
        "version" : "0.60.1"
      }
    }
  ],
  "version" : 3
}
