{
  "originHash" : "51743c30e2aa35fcf1c3eeacf2e880c577d2a034f2e1a529a3a1aeb75e58f949",
  "pins" : [
    {
      "identity" : "beautiful-mermaid-swift",
      "kind" : "remoteSourceControl",
      "location" : "https://github.com/lukilabs/beautiful-mermaid-swift",
      "state" : {
        "revision" : "8517146ed127630d0ec1a35cb718a477ca8ee983",
        "version" : "1.0.1"
      }
    },
    {
      "identity" : "elk-swift",
      "kind" : "remoteSourceControl",
      "location" : "https://github.com/lukilabs/elk-swift",
      "state" : {
        "revision" : "7aa29f2e265cd74c7a5111ccd41d68a164eba03d",
        "version" : "1.0.1"
      }
    },
    {
      "identity" : "swiftformat",
      "kind" : "remoteSourceControl",
      "location" : "https://github.com/nicklockwood/SwiftFormat",
      "state" : {
        "revision" : "22a472ced4c621a0e41b982a6f32dec868d09392",
        "version" : "0.59.1"
      }
    }
  ],
  "version" : 3
}
